
Microsoft Visual Studio Solution File, Format Version 12.00
# Visual Studio Version 17
VisualStudioVersion = 17.11.35222.181
MinimumVisualStudioVersion = 10.0.40219.1
Project("{FAE04EC0-301F-11D3-BF4B-00C04F79EFBC}") = "TradingCards", "TradingCards\TradingCards.csproj", "{EF5E2C7F-36D6-4DD0-94C0-4720C3EA4993}"
EndProject
Global
	GlobalSection(SolutionConfigurationPlatforms) = preSolution
		Debug|Any CPU = Debug|Any CPU
		Release|Any CPU = Release|Any CPU
	EndGlobalSection
	GlobalSection(ProjectConfigurationPlatforms) = postSolution
		{EF5E2C7F-36D6-4DD0-94C0-4720C3EA4993}.Debug|Any CPU.ActiveCfg = Debug|Any CPU
		{EF5E2C7F-36D6-4DD0-94C0-4720C3EA4993}.Debug|Any CPU.Build.0 = Debug|Any CPU
		{EF5E2C7F-36D6-4DD0-94C0-4720C3EA4993}.Release|Any CPU.ActiveCfg = Release|Any CPU
		{EF5E2C7F-36D6-4DD0-94C0-4720C3EA4993}.Release|Any CPU.Build.0 = Release|Any CPU
	EndGlobalSection
	GlobalSection(SolutionProperties) = preSolution
		HideSolutionNode = FALSE
	EndGlobalSection
	GlobalSection(ExtensibilityGlobals) = postSolution
		SolutionGuid = {2AFD78DB-9E5B-43F9-B217-05DA6B0F7938}
	EndGlobalSection
EndGlobal
